
Microsoft Visual Studio Solution File, Format Version 12.00
# Visual Studio Version 16
VisualStudioVersion = 16.0.30330.147
MinimumVisualStudioVersion = 10.0.40219.1
Project("{FAE04EC0-301F-11D3-BF4B-00C04F79EFBC}") = "BlazorApp1.Server", "BlazorApp1\Server\BlazorApp1.Server.csproj", "{3C000577-EA96-4E61-A8FC-C246D35718DE}"
EndProject
Project("{FAE04EC0-301F-11D3-BF4B-00C04F79EFBC}") = "BlazorApp1.Client", "BlazorApp1\Client\BlazorApp1.Client.csproj", "{BC4D6900-2F7D-4D0E-B8FB-065BED252B56}"
EndProject
Project("{FAE04EC0-301F-11D3-BF4B-00C04F79EFBC}") = "BlazorApp1.Shared", "BlazorApp1\Shared\BlazorApp1.Shared.csproj", "{9CE9BFF7-2E1C-443B-9B54-D828ADD621E4}"
EndProject
Global
	GlobalSection(SolutionConfigurationPlatforms) = preSolution
		Debug|Any CPU = Debug|Any CPU
		Release|Any CPU = Release|Any CPU
	EndGlobalSection
	GlobalSection(ProjectConfigurationPlatforms) = postSolution
		{3C000577-EA96-4E61-A8FC-C246D35718DE}.Debug|Any CPU.ActiveCfg = Debug|Any CPU
		{3C000577-EA96-4E61-A8FC-C246D35718DE}.Debug|Any CPU.Build.0 = Debug|Any CPU
		{3C000577-EA96-4E61-A8FC-C246D35718DE}.Release|Any CPU.ActiveCfg = Release|Any CPU
		{3C000577-EA96-4E61-A8FC-C246D35718DE}.Release|Any CPU.Build.0 = Release|Any CPU
		{BC4D6900-2F7D-4D0E-B8FB-065BED252B56}.Debug|Any CPU.ActiveCfg = Debug|Any CPU
		{BC4D6900-2F7D-4D0E-B8FB-065BED252B56}.Debug|Any CPU.Build.0 = Debug|Any CPU
		{BC4D6900-2F7D-4D0E-B8FB-065BED252B56}.Release|Any CPU.ActiveCfg = Release|Any CPU
		{BC4D6900-2F7D-4D0E-B8FB-065BED252B56}.Release|Any CPU.Build.0 = Release|Any CPU
		{9CE9BFF7-2E1C-443B-9B54-D828ADD621E4}.Debug|Any CPU.ActiveCfg = Debug|Any CPU
		{9CE9BFF7-2E1C-443B-9B54-D828ADD621E4}.Debug|Any CPU.Build.0 = Debug|Any CPU
		{9CE9BFF7-2E1C-443B-9B54-D828ADD621E4}.Release|Any CPU.ActiveCfg = Release|Any CPU
		{9CE9BFF7-2E1C-443B-9B54-D828ADD621E4}.Release|Any CPU.Build.0 = Release|Any CPU
	EndGlobalSection
	GlobalSection(SolutionProperties) = preSolution
		HideSolutionNode = FALSE
	EndGlobalSection
	GlobalSection(ExtensibilityGlobals) = postSolution
		SolutionGuid = {E4B83682-0303-42BA-9B73-A4675930FC46}
	EndGlobalSection
EndGlobal
